PODS:
  - ble_permission (0.0.1):
    - Flutter
  - Flutter (1.0.0)
  - flutter_blue_plus_darwin (0.0.2):
    - Flutter
    - FlutterMacOS

DEPENDENCIES:
  - ble_permission (from `.symlinks/plugins/ble_permission/ios`)
  - Flutter (from `Flutter`)
  - flutter_blue_plus_darwin (from `.symlinks/plugins/flutter_blue_plus_darwin/darwin`)

EXTERNAL SOURCES:
  ble_permission:
    :path: ".symlinks/plugins/ble_permission/ios"
  Flutter:
    :path: Flutter
  flutter_blue_plus_darwin:
    :path: ".symlinks/plugins/flutter_blue_plus_darwin/darwin"

SPEC CHECKSUMS:
  ble_permission: 30707674e2c8e85ba3aeb06cecf9051a3c6a4b13
  Flutter: 71a624a5bc0c04062bf19101d501e466baf2fb47
  flutter_blue_plus_darwin: 27a854ade6e4da048bf753c01c8383ad27d99569

PODFILE CHECKSUM: 819463e6a0290f5a72f145ba7cde16e8b6ef0796

COCOAPODS: 1.17.0
